{
  "name": "hitomi-viewer",
  "version": "1.0.0",
  "lockfileVersion": 1,
  "requires": true,
  "dependencies": {
    "@electron/remote": {
      "version": "1.2.2",
      "resolved": "https://registry.npmjs.org/@electron/remote/-/remote-1.2.2.tgz",
      "integrity": "sha512-PfnXpQGWh4vpX866NNucJRnNOzDRZcsLcLaT32fUth9k0hccsohfxprqEDYLzRg+ZK2xRrtyUN5wYYoHimMCJg=="
    },
    "custom-electron-titlebar": {
      "version": "3.2.10",
      "resolved": "https://registry.npmjs.org/custom-electron-titlebar/-/custom-electron-titlebar-3.2.10.tgz",
      "integrity": "sha512-l2DRcuGzMGRHw5yDtcmmEve4DwVoWoJxWtsPrXeEePmWfrG3vA90eMtcbk1+qzHTrBPOpnNbVBJakdTNoxZIMQ==",
      "requires": {
        "@electron/remote": "^1.0.0"
      }
    }
  }
}
